// !$*UTF8*$!
{
	archiveVersion = 1;
	classes = {
	};
	objectVersion = 46;
	objects = {

/* Begin PBXBuildFile section */
		BD7FC6201CAE478A003CFF5B /* main.m in Sources */ = {isa = PBXBuildFile; fileRef = BD7FC61F1CAE478A003CFF5B /* main.m */; };
		BD7FC6231CAE478A003CFF5B /* AppDelegate.m in Sources */ = {isa = PBXBuildFile; fileRef = BD7FC6221CAE478A003CFF5B /* AppDelegate.m */; };
		BD7FC6261CAE478A003CFF5B /* ViewController.m in Sources */ = {isa = PBXBuildFile; fileRef = BD7FC6251CAE478A003CFF5B /* ViewController.m */; };
		BD7FC6291CAE478A003CFF5B /* Main.storyboard in Resources */ = {isa = PBXBuildFile; fileRef = BD7FC6271CAE478A003CFF5B /* Main.storyboard */; };
		BD7FC62B1CAE478A003CFF5B /* Assets.xcassets in Resources */ = {isa = PBXBuildFile; fileRef = BD7FC62A1CAE478A003CFF5B /* Assets.xcassets */; };
		BD7FC62E1CAE478A003CFF5B /* LaunchScreen.storyboard in Resources */ = {isa = PBXBuildFile; fileRef = BD7FC62C1CAE478A003CFF5B /* LaunchScreen.storyboard */; };
		BDDB21631CB3BEE3005DB294 /* QICrashHandle.m in Sources */ = {isa = PBXBuildFile; fileRef = BDDB21561CB3BEE3005DB294 /* QICrashHandle.m */; };
		BDDB21641CB3BEE3005DB294 /* QIDebugHandle.m in Sources */ = {isa = PBXBuildFile; fileRef = BDDB21581CB3BEE3005DB294 /* QIDebugHandle.m */; };
		BDDB21651CB3BEE3005DB294 /* QIDeviceInfo.m in Sources */ = {isa = PBXBuildFile; fileRef = BDDB215A1CB3BEE3005DB294 /* QIDeviceInfo.m */; };
		BDDB21661CB3BEE3005DB294 /* QIErrorHandle.m in Sources */ = {isa = PBXBuildFile; fileRef = BDDB215C1CB3BEE3005DB294 /* QIErrorHandle.m */; };
		BDDB21671CB3BEE3005DB294 /* QIFileWriter.m in Sources */ = {isa = PBXBuildFile; fileRef = BDDB215E1CB3BEE3005DB294 /* QIFileWriter.m */; };
		BDDB21681CB3BEE3005DB294 /* QIInfoHandle.m in Sources */ = {isa = PBXBuildFile; fileRef = BDDB21601CB3BEE3005DB294 /* QIInfoHandle.m */; };
		BDDB21691CB3BEE3005DB294 /* QIReleaseHandle.m in Sources */ = {isa = PBXBuildFile; fileRef = BDDB21621CB3BEE3005DB294 /* QIReleaseHandle.m */; };
/* End PBXBuildFile section */

/* Begin PBXFileReference section */
		BD7FC61B1CAE478A003CFF5B /* FileWriterDemo.app */ = {isa = PBXFileReference; explicitFileType = wrapper.application; includeInIndex = 0; path = FileWriterDemo.app; sourceTree = BUILT_PRODUCTS_DIR; };
		BD7FC61F1CAE478A003CFF5B /* main.m */ = {isa = PBXFileReference; lastKnownFileType = sourcecode.c.objc; path = main.m; sourceTree = "<group>"; };
		BD7FC6211CAE478A003CFF5B /* AppDelegate.h */ = {isa = PBXFileReference; lastKnownFileType = sourcecode.c.h; path = AppDelegate.h; sourceTree = "<group>"; };
		BD7FC6221CAE478A003CFF5B /* AppDelegate.m */ = {isa = PBXFileReference; lastKnownFileType = sourcecode.c.objc; path = AppDelegate.m; sourceTree = "<group>"; };
		BD7FC6241CAE478A003CFF5B /* ViewController.h */ = {isa = PBXFileReference; lastKnownFileType = sourcecode.c.h; path = ViewController.h; sourceTree = "<group>"; };
		BD7FC6251CAE478A003CFF5B /* ViewController.m */ = {isa = PBXFileReference; lastKnownFileType = sourcecode.c.objc; path = ViewController.m; sourceTree = "<group>"; };
		BD7FC6281CAE478A003CFF5B /* Base */ = {isa = PBXFileReference; lastKnownFileType = file.storyboard; name = Base; path = Base.lproj/Main.storyboard; sourceTree = "<group>"; };
		BD7FC62A1CAE478A003CFF5B /* Assets.xcassets */ = {isa = PBXFileReference; lastKnownFileType = folder.assetcatalog; path = Assets.xcassets; sourceTree = "<group>"; };
		BD7FC62D1CAE478A003CFF5B /* Base */ = {isa = PBXFileReference; lastKnownFileType = file.storyboard; name = Base; path = Base.lproj/LaunchScreen.storyboard; sourceTree = "<group>"; };
		BD7FC62F1CAE478A003CFF5B /* Info.plist */ = {isa = PBXFileReference; lastKnownFileType = text.plist.xml; path = Info.plist; sourceTree = "<group>"; };
		BDDB21551CB3BEE3005DB294 /* QICrashHandle.h */ = {isa = PBXFileReference; fileEncoding = 4; lastKnownFileType = sourcecode.c.h; path = QICrashHandle.h; sourceTree = "<group>"; };
		BDDB21561CB3BEE3005DB294 /* QICrashHandle.m */ = {isa = PBXFileReference; fileEncoding = 4; lastKnownFileType = sourcecode.c.objc; path = QICrashHandle.m; sourceTree = "<group>"; };
		BDDB21571CB3BEE3005DB294 /* QIDebugHandle.h */ = {isa = PBXFileReference; fileEncoding = 4; lastKnownFileType = sourcecode.c.h; path = QIDebugHandle.h; sourceTree = "<group>"; };
		BDDB21581CB3BEE3005DB294 /* QIDebugHandle.m */ = {isa = PBXFileReference; fileEncoding = 4; lastKnownFileType = sourcecode.c.objc; path = QIDebugHandle.m; sourceTree = "<group>"; };
		BDDB21591CB3BEE3005DB294 /* QIDeviceInfo.h */ = {isa = PBXFileReference; fileEncoding = 4; lastKnownFileType = sourcecode.c.h; path = QIDeviceInfo.h; sourceTree = "<group>"; };
		BDDB215A1CB3BEE3005DB294 /* QIDeviceInfo.m */ = {isa = PBXFileReference; fileEncoding = 4; lastKnownFileType = sourcecode.c.objc; path = QIDeviceInfo.m; sourceTree = "<group>"; };
		BDDB215B1CB3BEE3005DB294 /* QIErrorHandle.h */ = {isa = PBXFileReference; fileEncoding = 4; lastKnownFileType = sourcecode.c.h; path = QIErrorHandle.h; sourceTree = "<group>"; };
		BDDB215C1CB3BEE3005DB294 /* QIErrorHandle.m */ = {isa = PBXFileReference; fileEncoding = 4; lastKnownFileType = sourcecode.c.objc; path = QIErrorHandle.m; sourceTree = "<group>"; };
		BDDB215D1CB3BEE3005DB294 /* QIFileWriter.h */ = {isa = PBXFileReference; fileEncoding = 4; lastKnownFileType = sourcecode.c.h; path = QIFileWriter.h; sourceTree = "<group>"; };
		BDDB215E1CB3BEE3005DB294 /* QIFileWriter.m */ = {isa = PBXFileReference; fileEncoding = 4; lastKnownFileType = sourcecode.c.objc; path = QIFileWriter.m; sourceTree = "<group>"; };
		BDDB215F1CB3BEE3005DB294 /* QIInfoHandle.h */ = {isa = PBXFileReference; fileEncoding = 4; lastKnownFileType = sourcecode.c.h; path = QIInfoHandle.h; sourceTree = "<group>"; };
		BDDB21601CB3BEE3005DB294 /* QIInfoHandle.m */ = {isa = PBXFileReference; fileEncoding = 4; lastKnownFileType = sourcecode.c.objc; path = QIInfoHandle.m; sourceTree = "<group>"; };
		BDDB21611CB3BEE3005DB294 /* QIReleaseHandle.h */ = {isa = PBXFileReference; fileEncoding = 4; lastKnownFileType = sourcecode.c.h; path = QIReleaseHandle.h; sourceTree = "<group>"; };
		BDDB21621CB3BEE3005DB294 /* QIReleaseHandle.m */ = {isa = PBXFileReference; fileEncoding = 4; lastKnownFileType = sourcecode.c.objc; path = QIReleaseHandle.m; sourceTree = "<group>"; };
/* End PBXFileReference section */

/* Begin PBXFrameworksBuildPhase section */
		BD7FC6181CAE478A003CFF5B /* Frameworks */ = {
			isa = PBXFrameworksBuildPhase;
			buildActionMask = 2147483647;
			files = (
			);
			runOnlyForDeploymentPostprocessing = 0;
		};
/* End PBXFrameworksBuildPhase section */

/* Begin PBXGroup section */
		BD7FC6121CAE478A003CFF5B = {
			isa = PBXGroup;
			children = (
				BD7FC61D1CAE478A003CFF5B /* FileWriterDemo */,
				BD7FC61C1CAE478A003CFF5B /* Products */,
			);
			sourceTree = "<group>";
		};
		BD7FC61C1CAE478A003CFF5B /* Products */ = {
			isa = PBXGroup;
			children = (
				BD7FC61B1CAE478A003CFF5B /* FileWriterDemo.app */,
			);
			name = Products;
			sourceTree = "<group>";
		};
		BD7FC61D1CAE478A003CFF5B /* FileWriterDemo */ = {
			isa = PBXGroup;
			children = (
				BD7FC6211CAE478A003CFF5B /* AppDelegate.h */,
				BD7FC6221CAE478A003CFF5B /* AppDelegate.m */,
				BD7FC6241CAE478A003CFF5B /* ViewController.h */,
				BD7FC6251CAE478A003CFF5B /* ViewController.m */,
				BDDB21541CB3BEE3005DB294 /* QiCrashKit */,
				BD7FC6271CAE478A003CFF5B /* Main.storyboard */,
				BD7FC62A1CAE478A003CFF5B /* Assets.xcassets */,
				BD7FC62C1CAE478A003CFF5B /* LaunchScreen.storyboard */,
				BD7FC62F1CAE478A003CFF5B /* Info.plist */,
				BD7FC61E1CAE478A003CFF5B /* Supporting Files */,
			);
			path = FileWriterDemo;
			sourceTree = "<group>";
		};
		BD7FC61E1CAE478A003CFF5B /* Supporting Files */ = {
			isa = PBXGroup;
			children = (
				BD7FC61F1CAE478A003CFF5B /* main.m */,
			);
			name = "Supporting Files";
			sourceTree = "<group>";
		};
		BDDB21541CB3BEE3005DB294 /* QiCrashKit */ = {
			isa = PBXGroup;
			children = (
				BDDB21551CB3BEE3005DB294 /* QICrashHandle.h */,
				BDDB21561CB3BEE3005DB294 /* QICrashHandle.m */,
				BDDB21571CB3BEE3005DB294 /* QIDebugHandle.h */,
				BDDB21581CB3BEE3005DB294 /* QIDebugHandle.m */,
				BDDB215B1CB3BEE3005DB294 /* QIErrorHandle.h */,
				BDDB215C1CB3BEE3005DB294 /* QIErrorHandle.m */,
				BDDB215F1CB3BEE3005DB294 /* QIInfoHandle.h */,
				BDDB21601CB3BEE3005DB294 /* QIInfoHandle.m */,
				BDDB21611CB3BEE3005DB294 /* QIReleaseHandle.h */,
				BDDB21621CB3BEE3005DB294 /* QIReleaseHandle.m */,
				BDDB21591CB3BEE3005DB294 /* QIDeviceInfo.h */,
				BDDB215A1CB3BEE3005DB294 /* QIDeviceInfo.m */,
				BDDB215D1CB3BEE3005DB294 /* QIFileWriter.h */,
				BDDB215E1CB3BEE3005DB294 /* QIFileWriter.m */,
			);
			path = QiCrashKit;
			sourceTree = "<group>";
		};
/* End PBXGroup section */

/* Begin PBXNativeTarget section */
		BD7FC61A1CAE478A003CFF5B /* FileWriterDemo */ = {
			isa = PBXNativeTarget;
			buildConfigurationList = BD7FC6321CAE478A003CFF5B /* Build configuration list for PBXNativeTarget "FileWriterDemo" */;
			buildPhases = (
				BD7FC6171CAE478A003CFF5B /* Sources */,
				BD7FC6181CAE478A003CFF5B /* Frameworks */,
				BD7FC6191CAE478A003CFF5B /* Resources */,
			);
			buildRules = (
			);
			dependencies = (
			);
			name = FileWriterDemo;
			productName = FileWriterDemo;
			productReference = BD7FC61B1CAE478A003CFF5B /* FileWriterDemo.app */;
			productType = "com.apple.product-type.application";
		};
/* End PBXNativeTarget section */

/* Begin PBXProject section */
		BD7FC6131CAE478A003CFF5B /* Project object */ = {
			isa = PBXProject;
			attributes = {
				LastUpgradeCheck = 0720;
				ORGANIZATIONNAME = loginSin;
				TargetAttributes = {
					BD7FC61A1CAE478A003CFF5B = {
						CreatedOnToolsVersion = 7.2;
					};
				};
			};
			buildConfigurationList = BD7FC6161CAE478A003CFF5B /* Build configuration list for PBXProject "FileWriterDemo" */;
			compatibilityVersion = "Xcode 3.2";
			developmentRegion = English;
			hasScannedForEncodings = 0;
			knownRegions = (
				en,
				Base,
			);
			mainGroup = BD7FC6121CAE478A003CFF5B;
			productRefGroup = BD7FC61C1CAE478A003CFF5B /* Products */;
			projectDirPath = "";
			projectRoot = "";
			targets = (
				BD7FC61A1CAE478A003CFF5B /* FileWriterDemo */,
			);
		};
/* End PBXProject section */

/* Begin PBXResourcesBuildPhase section */
		BD7FC6191CAE478A003CFF5B /* Resources */ = {
			isa = PBXResourcesBuildPhase;
			buildActionMask = 2147483647;
			files = (
				BD7FC62E1CAE478A003CFF5B /* LaunchScreen.storyboard in Resources */,
				BD7FC62B1CAE478A003CFF5B /* Assets.xcassets in Resources */,
				BD7FC6291CAE478A003CFF5B /* Main.storyboard in Resources */,
			);
			runOnlyForDeploymentPostprocessing = 0;
		};
/* End PBXResourcesBuildPhase section */

/* Begin PBXSourcesBuildPhase section */
		BD7FC6171CAE478A003CFF5B /* Sources */ = {
			isa = PBXSourcesBuildPhase;
			buildActionMask = 2147483647;
			files = (
				BDDB21681CB3BEE3005DB294 /* QIInfoHandle.m in Sources */,
				BDDB21671CB3BEE3005DB294 /* QIFileWriter.m in Sources */,
				BD7FC6261CAE478A003CFF5B /* ViewController.m in Sources */,
				BDDB21661CB3BEE3005DB294 /* QIErrorHandle.m in Sources */,
				BDDB21651CB3BEE3005DB294 /* QIDeviceInfo.m in Sources */,
				BDDB21631CB3BEE3005DB294 /* QICrashHandle.m in Sources */,
				BD7FC6231CAE478A003CFF5B /* AppDelegate.m in Sources */,
				BDDB21691CB3BEE3005DB294 /* QIReleaseHandle.m in Sources */,
				BD7FC6201CAE478A003CFF5B /* main.m in Sources */,
				BDDB21641CB3BEE3005DB294 /* QIDebugHandle.m in Sources */,
			);
			runOnlyForDeploymentPostprocessing = 0;
		};
/* End PBXSourcesBuildPhase section */

/* Begin PBXVariantGroup section */
		BD7FC6271CAE478A003CFF5B /* Main.storyboard */ = {
			isa = PBXVariantGroup;
			children = (
				BD7FC6281CAE478A003CFF5B /* Base */,
			);
			name = Main.storyboard;
			sourceTree = "<group>";
		};
		BD7FC62C1CAE478A003CFF5B /* LaunchScreen.storyboard */ = {
			isa = PBXVariantGroup;
			children = (
				BD7FC62D1CAE478A003CFF5B /* Base */,
			);
			name = LaunchScreen.storyboard;
			sourceTree = "<group>";
		};
/* End PBXVariantGroup section */

/* Begin XCBuildConfiguration section */
		BD7FC6301CAE478A003CFF5B /* Debug */ = {
			isa = XCBuildConfiguration;
			buildSettings = {
				ALWAYS_SEARCH_USER_PATHS = NO;
				CLANG_CXX_LANGUAGE_STANDARD = "gnu++0x";
				CLANG_CXX_LIBRARY = "libc++";
				CLANG_ENABLE_MODULES = YES;
				CLANG_ENABLE_OBJC_ARC = YES;
				CLANG_WARN_BOOL_CONVERSION = YES;
				CLANG_WARN_CONSTANT_CONVERSION = YES;
				CLANG_WARN_DIRECT_OBJC_ISA_USAGE = YES_ERROR;
				CLANG_WARN_EMPTY_BODY = YES;
				CLANG_WARN_ENUM_CONVERSION = YES;
				CLANG_WARN_INT_CONVERSION = YES;
				CLANG_WARN_OBJC_ROOT_CLASS = YES_ERROR;
				CLANG_WARN_UNREACHABLE_CODE = YES;
				CLANG_WARN__DUPLICATE_METHOD_MATCH = YES;
				"CODE_SIGN_IDENTITY[sdk=iphoneos*]" = "iPhone Developer";
				COPY_PHASE_STRIP = NO;
				DEBUG_INFORMATION_FORMAT = dwarf;
				ENABLE_STRICT_OBJC_MSGSEND = YES;
				ENABLE_TESTABILITY = YES;
				GCC_C_LANGUAGE_STANDARD = gnu99;
				GCC_DYNAMIC_NO_PIC = NO;
				GCC_NO_COMMON_BLOCKS = YES;
				GCC_OPTIMIZATION_LEVEL = 0;
				GCC_PREPROCESSOR_DEFINITIONS = (
					"DEBUG=1",
					"$(inherited)",
				);
				GCC_WARN_64_TO_32_BIT_CONVERSION = YES;
				GCC_WARN_ABOUT_RETURN_TYPE = YES_ERROR;
				GCC_WARN_UNDECLARED_SELECTOR = YES;
				GCC_WARN_UNINITIALIZED_AUTOS = YES_AGGRESSIVE;
				GCC_WARN_UNUSED_FUNCTION = YES;
				GCC_WARN_UNUSED_VARIABLE = YES;
				IPHONEOS_DEPLOYMENT_TARGET = 9.2;
				MTL_ENABLE_DEBUG_INFO = YES;
				ONLY_ACTIVE_ARCH = YES;
				SDKROOT = iphoneos;
			};
			name = Debug;
		};
		BD7FC6311CAE478A003CFF5B /* Release */ = {
			isa = XCBuildConfiguration;
			buildSettings = {
				ALWAYS_SEARCH_USER_PATHS = NO;
				CLANG_CXX_LANGUAGE_STANDARD = "gnu++0x";
				CLANG_CXX_LIBRARY = "libc++";
				CLANG_ENABLE_MODULES = YES;
				CLANG_ENABLE_OBJC_ARC = YES;
				CLANG_WARN_BOOL_CONVERSION = YES;
				CLANG_WARN_CONSTANT_CONVERSION = YES;
				CLANG_WARN_DIRECT_OBJC_ISA_USAGE = YES_ERROR;
				CLANG_WARN_EMPTY_BODY = YES;
				CLANG_WARN_ENUM_CONVERSION = YES;
				CLANG_WARN_INT_CONVERSION = YES;
				CLANG_WARN_OBJC_ROOT_CLASS = YES_ERROR;
				CLANG_WARN_UNREACHABLE_CODE = YES;
				CLANG_WARN__DUPLICATE_METHOD_MATCH = YES;
				"CODE_SIGN_IDENTITY[sdk=iphoneos*]" = "iPhone Developer";
				COPY_PHASE_STRIP = NO;
				DEBUG_INFORMATION_FORMAT = "dwarf-with-dsym";
				ENABLE_NS_ASSERTIONS = NO;
				ENABLE_STRICT_OBJC_MSGSEND = YES;
				GCC_C_LANGUAGE_STANDARD = gnu99;
				GCC_NO_COMMON_BLOCKS = YES;
				GCC_WARN_64_TO_32_BIT_CONVERSION = YES;
				GCC_WARN_ABOUT_RETURN_TYPE = YES_ERROR;
				GCC_WARN_UNDECLARED_SELECTOR = YES;
				GCC_WARN_UNINITIALIZED_AUTOS = YES_AGGRESSIVE;
				GCC_WARN_UNUSED_FUNCTION = YES;
				GCC_WARN_UNUSED_VARIABLE = YES;
				IPHONEOS_DEPLOYMENT_TARGET = 9.2;
				MTL_ENABLE_DEBUG_INFO = NO;
				SDKROOT = iphoneos;
				VALIDATE_PRODUCT = YES;
			};
			name = Release;
		};
		BD7FC6331CAE478A003CFF5B /* Debug */ = {
			isa = XCBuildConfiguration;
			buildSettings = {
				ASSETCATALOG_COMPILER_APPICON_NAME = AppIcon;
				INFOPLIST_FILE = FileWriterDemo/Info.plist;
				LD_RUNPATH_SEARCH_PATHS = "$(inherited) @executable_path/Frameworks";
				PRODUCT_BUNDLE_IDENTIFIER = loginSin.FileWriterDemo;
				PRODUCT_NAME = "$(TARGET_NAME)";
			};
			name = Debug;
		};
		BD7FC6341CAE478A003CFF5B /* Release */ = {
			isa = XCBuildConfiguration;
			buildSettings = {
				ASSETCATALOG_COMPILER_APPICON_NAME = AppIcon;
				INFOPLIST_FILE = FileWriterDemo/Info.plist;
				LD_RUNPATH_SEARCH_PATHS = "$(inherited) @executable_path/Frameworks";
				PRODUCT_BUNDLE_IDENTIFIER = loginSin.FileWriterDemo;
				PRODUCT_NAME = "$(TARGET_NAME)";
			};
			name = Release;
		};
/* End XCBuildConfiguration section */

/* Begin XCConfigurationList section */
		BD7FC6161CAE478A003CFF5B /* Build configuration list for PBXProject "FileWriterDemo" */ = {
			isa = XCConfigurationList;
			buildConfigurations = (
				BD7FC6301CAE478A003CFF5B /* Debug */,
				BD7FC6311CAE478A003CFF5B /* Release */,
			);
			defaultConfigurationIsVisible = 0;
			defaultConfigurationName = Release;
		};
		BD7FC6321CAE478A003CFF5B /* Build configuration list for PBXNativeTarget "FileWriterDemo" */ = {
			isa = XCConfigurationList;
			buildConfigurations = (
				BD7FC6331CAE478A003CFF5B /* Debug */,
				BD7FC6341CAE478A003CFF5B /* Release */,
			);
			defaultConfigurationIsVisible = 0;
			defaultConfigurationName = Release;
		};
/* End XCConfigurationList section */
	};
	rootObject = BD7FC6131CAE478A003CFF5B /* Project object */;
}
